<?xml version="1.0" encoding="utf-8"?>
<Project ToolsVersion="4.0" xmlns="http://schemas.microsoft.com/developer/msbuild/2003">
  <ItemGroup>
    <Filter Include="ソース ファイル">
      <UniqueIdentifier>{4FC737F1-C7A5-4376-A066-2A32D752A2FF}</UniqueIdentifier>
      <Extensions>cpp;c;cc;cxx;def;odl;idl;hpj;bat;asm;asmx</Extensions>
    </Filter>
    <Filter Include="ヘッダー ファイル">
      <UniqueIdentifier>{93995380-89BD-4b04-88EB-625FBE52EBFB}</UniqueIdentifier>
      <Extensions>h;hpp;hxx;hm;inl;inc;xsd</Extensions>
    </Filter>
    <Filter Include="リソース ファイル">
      <UniqueIdentifier>{67DA6AB6-F800-4c08-8B7A-83BB121AAD01}</UniqueIdentifier>
      <Extensions>rc;ico;cur;bmp;dlg;rc2;rct;bin;rgs;gif;jpg;jpeg;jpe;resx;tiff;tif;png;wav;mfcribbon-ms</Extensions>
    </Filter>
    <Filter Include="ヘッダー ファイル\Common">
      <UniqueIdentifier>{ebf0ee0b-6b54-4331-b439-2232b768c974}</UniqueIdentifier>
    </Filter>
    <Filter Include="ソース ファイル\Common">
      <UniqueIdentifier>{914261b4-993c-40e4-a398-833b23198199}</UniqueIdentifier>
    </Filter>
    <Filter Include="ソース ファイル\Table">
      <UniqueIdentifier>{32fe1be9-5cbe-4903-81f5-cba6be6d5c43}</UniqueIdentifier>
    </Filter>
    <Filter Include="ヘッダー ファイル\Table">
      <UniqueIdentifier>{611f2980-978b-461e-a71c-5e6d6c36b833}</UniqueIdentifier>
    </Filter>
  </ItemGroup>
  <ItemGroup>
    <None Include="ReadMe.txt" />
    <None Include="EpgDataCap3.def">
      <Filter>ソース ファイル</Filter>
    </None>
  </ItemGroup>
  <ItemGroup>
    <ClInclude Include="stdafx.h">
      <Filter>ヘッダー ファイル</Filter>
    </ClInclude>
    <ClInclude Include="targetver.h">
      <Filter>ヘッダー ファイル</Filter>
    </ClInclude>
    <ClInclude Include="EpgDataCap3.h">
      <Filter>ヘッダー ファイル</Filter>
    </ClInclude>
    <ClInclude Include="EpgDataCap3Main.h">
      <Filter>ヘッダー ファイル</Filter>
    </ClInclude>
    <ClInclude Include="Table\BATTable.h">
      <Filter>ヘッダー ファイル\Table</Filter>
    </ClInclude>
    <ClInclude Include="Table\BITTable.h">
      <Filter>ヘッダー ファイル\Table</Filter>
    </ClInclude>
    <ClInclude Include="Table\CATTable.h">
      <Filter>ヘッダー ファイル\Table</Filter>
    </ClInclude>
    <ClInclude Include="Table\CDTTable.h">
      <Filter>ヘッダー ファイル\Table</Filter>
    </ClInclude>
    <ClInclude Include="Table\EITTable.h">
      <Filter>ヘッダー ファイル\Table</Filter>
    </ClInclude>
    <ClInclude Include="Table\NITTable.h">
      <Filter>ヘッダー ファイル\Table</Filter>
    </ClInclude>
    <ClInclude Include="Table\PATTable.h">
      <Filter>ヘッダー ファイル\Table</Filter>
    </ClInclude>
    <ClInclude Include="Table\PMTTable.h">
      <Filter>ヘッダー ファイル\Table</Filter>
    </ClInclude>
    <ClInclude Include="Table\SDTTable.h">
      <Filter>ヘッダー ファイル\Table</Filter>
    </ClInclude>
    <ClInclude Include="Table\SDTTTable.h">
      <Filter>ヘッダー ファイル\Table</Filter>
    </ClInclude>
    <ClInclude Include="Table\TableUtil.h">
      <Filter>ヘッダー ファイル\Table</Filter>
    </ClInclude>
    <ClInclude Include="Table\TableUtilDef.h">
      <Filter>ヘッダー ファイル\Table</Filter>
    </ClInclude>
    <ClInclude Include="Table\TDTTable.h">
      <Filter>ヘッダー ファイル\Table</Filter>
    </ClInclude>
    <ClInclude Include="Table\TOTTable.h">
      <Filter>ヘッダー ファイル\Table</Filter>
    </ClInclude>
    <ClInclude Include="..\..\Common\EpgTimerUtil.h">
      <Filter>ヘッダー ファイル\Common</Filter>
    </ClInclude>
    <ClInclude Include="..\..\Common\Util.h">
      <Filter>ヘッダー ファイル\Common</Filter>
    </ClInclude>
    <ClInclude Include="..\..\Common\StringUtil.h">
      <Filter>ヘッダー ファイル\Common</Filter>
    </ClInclude>
    <ClInclude Include="..\..\Common\ErrDef.h">
      <Filter>ヘッダー ファイル\Common</Filter>
    </ClInclude>
    <ClInclude Include="ARIB8CharDecode.h">
      <Filter>ヘッダー ファイル</Filter>
    </ClInclude>
    <ClInclude Include="DecodeUtil.h">
      <Filter>ヘッダー ファイル</Filter>
    </ClInclude>
    <ClInclude Include="EpgDBUtil.h">
      <Filter>ヘッダー ファイル</Filter>
    </ClInclude>
    <ClInclude Include="..\..\Common\TSBuffUtil.h">
      <Filter>ヘッダー ファイル\Common</Filter>
    </ClInclude>
    <ClInclude Include="..\..\Common\TSPacketUtil.h">
      <Filter>ヘッダー ファイル\Common</Filter>
    </ClInclude>
    <ClInclude Include="..\..\Common\TimeUtil.h">
      <Filter>ヘッダー ファイル\Common</Filter>
    </ClInclude>
    <ClInclude Include="..\..\Common\EpgDataCap3Def.h">
      <Filter>ヘッダー ファイル\Common</Filter>
    </ClInclude>
    <ClInclude Include="..\..\Common\PathUtil.h">
      <Filter>ヘッダー ファイル\Common</Filter>
    </ClInclude>
    <ClInclude Include="resource.h">
      <Filter>ヘッダー ファイル</Filter>
    </ClInclude>
    <ClInclude Include="Table\SITTable.h">
      <Filter>ヘッダー ファイル\Table</Filter>
    </ClInclude>
    <ClInclude Include="Table\EITTable_SD.h">
      <Filter>ヘッダー ファイル</Filter>
    </ClInclude>
    <ClInclude Include="Table\EITTable_SD2.h">
      <Filter>ヘッダー ファイル</Filter>
    </ClInclude>
    <ClInclude Include="Table\PSITable.h">
      <Filter>ヘッダー ファイル\Table</Filter>
    </ClInclude>
    <ClInclude Include="AribDescriptor.h">
      <Filter>ヘッダー ファイル</Filter>
    </ClInclude>
  </ItemGroup>
  <ItemGroup>
    <ClCompile Include="stdafx.cpp">
      <Filter>ソース ファイル</Filter>
    </ClCompile>
    <ClCompile Include="EpgDataCap3.cpp">
      <Filter>ソース ファイル</Filter>
    </ClCompile>
    <ClCompile Include="dllmain.cpp">
      <Filter>ソース ファイル</Filter>
    </ClCompile>
    <ClCompile Include="EpgDataCap3Main.cpp">
      <Filter>ソース ファイル</Filter>
    </ClCompile>
    <ClCompile Include="Table\BATTable.cpp">
      <Filter>ソース ファイル\Table</Filter>
    </ClCompile>
    <ClCompile Include="Table\BITTable.cpp">
      <Filter>ソース ファイル\Table</Filter>
    </ClCompile>
    <ClCompile Include="Table\CATTable.cpp">
      <Filter>ソース ファイル\Table</Filter>
    </ClCompile>
    <ClCompile Include="Table\CDTTable.cpp">
      <Filter>ソース ファイル\Table</Filter>
    </ClCompile>
    <ClCompile Include="Table\EITTable.cpp">
      <Filter>ソース ファイル\Table</Filter>
    </ClCompile>
    <ClCompile Include="Table\NITTable.cpp">
      <Filter>ソース ファイル\Table</Filter>
    </ClCompile>
    <ClCompile Include="Table\PATTable.cpp">
      <Filter>ソース ファイル\Table</Filter>
    </ClCompile>
    <ClCompile Include="Table\PMTTable.cpp">
      <Filter>ソース ファイル\Table</Filter>
    </ClCompile>
    <ClCompile Include="Table\SDTTable.cpp">
      <Filter>ソース ファイル\Table</Filter>
    </ClCompile>
    <ClCompile Include="Table\SDTTTable.cpp">
      <Filter>ソース ファイル\Table</Filter>
    </ClCompile>
    <ClCompile Include="Table\TableUtil.cpp">
      <Filter>ソース ファイル\Table</Filter>
    </ClCompile>
    <ClCompile Include="Table\TDTTable.cpp">
      <Filter>ソース ファイル\Table</Filter>
    </ClCompile>
    <ClCompile Include="Table\TOTTable.cpp">
      <Filter>ソース ファイル\Table</Filter>
    </ClCompile>
    <ClCompile Include="..\..\Common\EpgTimerUtil.cpp">
      <Filter>ソース ファイル\Common</Filter>
    </ClCompile>
    <ClCompile Include="..\..\Common\Util.cpp">
      <Filter>ソース ファイル\Common</Filter>
    </ClCompile>
    <ClCompile Include="..\..\Common\StringUtil.cpp">
      <Filter>ソース ファイル\Common</Filter>
    </ClCompile>
    <ClCompile Include="ARIB8CharDecode.cpp">
      <Filter>ソース ファイル</Filter>
    </ClCompile>
    <ClCompile Include="DecodeUtil.cpp">
      <Filter>ソース ファイル</Filter>
    </ClCompile>
    <ClCompile Include="EpgDBUtil.cpp">
      <Filter>ソース ファイル</Filter>
    </ClCompile>
    <ClCompile Include="..\..\Common\TSBuffUtil.cpp">
      <Filter>ソース ファイル\Common</Filter>
    </ClCompile>
    <ClCompile Include="..\..\Common\TSPacketUtil.cpp">
      <Filter>ソース ファイル\Common</Filter>
    </ClCompile>
    <ClCompile Include="..\..\Common\TimeUtil.cpp">
      <Filter>ソース ファイル\Common</Filter>
    </ClCompile>
    <ClCompile Include="..\..\Common\PathUtil.cpp">
      <Filter>ソース ファイル\Common</Filter>
    </ClCompile>
    <ClCompile Include="Table\SITTable.cpp">
      <Filter>ソース ファイル\Table</Filter>
    </ClCompile>
    <ClCompile Include="Table\EITTable_SD.cpp">
      <Filter>ソース ファイル</Filter>
    </ClCompile>
    <ClCompile Include="Table\EITTable_SD2.cpp">
      <Filter>ソース ファイル</Filter>
    </ClCompile>
    <ClCompile Include="Table\PSITable.cpp">
      <Filter>ソース ファイル\Table</Filter>
    </ClCompile>
    <ClCompile Include="AribDescriptor.cpp">
      <Filter>ソース ファイル</Filter>
    </ClCompile>
  </ItemGroup>
  <ItemGroup>
    <ResourceCompile Include="EpgDataCap3.rc">
      <Filter>リソース ファイル</Filter>
    </ResourceCompile>
  </ItemGroup>
</Project>